
Microsoft Visual Studio Solution File, Format Version 12.00
# Visual Studio Version 18
VisualStudioVersion = 18.3.11505.172 d18.3
MinimumVisualStudioVersion = 10.0.40219.1
Project("{FAE04EC0-301F-11D3-BF4B-00C04F79EFBC}") = "BlueBerry24.API", "BlueBerry24.API\BlueBerry24.API.csproj", "{E3951A66-F330-4FA0-B2C9-CE3801E64AEF}"
EndProject
Project("{FAE04EC0-301F-11D3-BF4B-00C04F79EFBC}") = "BlueBerry24.Domain", "BlueBerry24.Domain\BlueBerry24.Domain.csproj", "{FEDB772B-0719-41DD-87AD-CBA62FF52F54}"
EndProject
Project("{FAE04EC0-301F-11D3-BF4B-00C04F79EFBC}") = "BlueBerry24.Infrastructure", "BlueBerry24.Infrastructure\BlueBerry24.Infrastructure.csproj", "{630367CE-4590-4AF5-A72C-93AB21A13E0D}"
EndProject
Project("{FAE04EC0-301F-11D3-BF4B-00C04F79EFBC}") = "BlueBerry24.Application", "BlueBerry24.Application\BlueBerry24.Application.csproj", "{32B24BC8-B08F-4A26-A729-1C3152A6C39B}"
EndProject
Project("{FAE04EC0-301F-11D3-BF4B-00C04F79EFBC}") = "BlueBerry24.Tests", "BlueBerry24.Tests\BlueBerry24.Tests.csproj", "{E4AAFC13-2C7E-45FB-83D4-006096FC22E0}"
EndProject
Project("{FAE04EC0-301F-11D3-BF4B-00C04F79EFBC}") = "Blueberry24.Contracts", "Blueberry24.Contracts\Blueberry24.Contracts.csproj", "{10D1C891-D32A-489A-82E7-4CED8C65DBF7}"
EndProject
Global
	GlobalSection(SolutionConfigurationPlatforms) = preSolution
		Debug|Any CPU = Debug|Any CPU
		Release|Any CPU = Release|Any CPU
	EndGlobalSection
	GlobalSection(ProjectConfigurationPlatforms) = postSolution
		{E3951A66-F330-4FA0-B2C9-CE3801E64AEF}.Debug|Any CPU.ActiveCfg = Debug|Any CPU
		{E3951A66-F330-4FA0-B2C9-CE3801E64AEF}.Debug|Any CPU.Build.0 = Debug|Any CPU
		{E3951A66-F330-4FA0-B2C9-CE3801E64AEF}.Release|Any CPU.ActiveCfg = Release|Any CPU
		{E3951A66-F330-4FA0-B2C9-CE3801E64AEF}.Release|Any CPU.Build.0 = Release|Any CPU
		{FEDB772B-0719-41DD-87AD-CBA62FF52F54}.Debug|Any CPU.ActiveCfg = Debug|Any CPU
		{FEDB772B-0719-41DD-87AD-CBA62FF52F54}.Debug|Any CPU.Build.0 = Debug|Any CPU
		{FEDB772B-0719-41DD-87AD-CBA62FF52F54}.Release|Any CPU.ActiveCfg = Release|Any CPU
		{FEDB772B-0719-41DD-87AD-CBA62FF52F54}.Release|Any CPU.Build.0 = Release|Any CPU
		{630367CE-4590-4AF5-A72C-93AB21A13E0D}.Debug|Any CPU.ActiveCfg = Debug|Any CPU
		{630367CE-4590-4AF5-A72C-93AB21A13E0D}.Debug|Any CPU.Build.0 = Debug|Any CPU
		{630367CE-4590-4AF5-A72C-93AB21A13E0D}.Release|Any CPU.ActiveCfg = Release|Any CPU
		{630367CE-4590-4AF5-A72C-93AB21A13E0D}.Release|Any CPU.Build.0 = Release|Any CPU
		{32B24BC8-B08F-4A26-A729-1C3152A6C39B}.Debug|Any CPU.ActiveCfg = Debug|Any CPU
		{32B24BC8-B08F-4A26-A729-1C3152A6C39B}.Debug|Any CPU.Build.0 = Debug|Any CPU
		{32B24BC8-B08F-4A26-A729-1C3152A6C39B}.Release|Any CPU.ActiveCfg = Release|Any CPU
		{32B24BC8-B08F-4A26-A729-1C3152A6C39B}.Release|Any CPU.Build.0 = Release|Any CPU
		{E4AAFC13-2C7E-45FB-83D4-006096FC22E0}.Debug|Any CPU.ActiveCfg = Debug|Any CPU
		{E4AAFC13-2C7E-45FB-83D4-006096FC22E0}.Debug|Any CPU.Build.0 = Debug|Any CPU
		{E4AAFC13-2C7E-45FB-83D4-006096FC22E0}.Release|Any CPU.ActiveCfg = Release|Any CPU
		{E4AAFC13-2C7E-45FB-83D4-006096FC22E0}.Release|Any CPU.Build.0 = Release|Any CPU
		{10D1C891-D32A-489A-82E7-4CED8C65DBF7}.Debug|Any CPU.ActiveCfg = Debug|Any CPU
		{10D1C891-D32A-489A-82E7-4CED8C65DBF7}.Debug|Any CPU.Build.0 = Debug|Any CPU
		{10D1C891-D32A-489A-82E7-4CED8C65DBF7}.Release|Any CPU.ActiveCfg = Release|Any CPU
		{10D1C891-D32A-489A-82E7-4CED8C65DBF7}.Release|Any CPU.Build.0 = Release|Any CPU
	EndGlobalSection
	GlobalSection(SolutionProperties) = preSolution
		HideSolutionNode = FALSE
	EndGlobalSection
	GlobalSection(ExtensibilityGlobals) = postSolution
		SolutionGuid = {48BEC03E-CD8F-4B45-9609-669A10424A7D}
	EndGlobalSection
EndGlobal
